Microsoft Visual Studio Solution File, Format Version 12.00
# Visual Studio 15
VisualStudioVersion = 15.0.26929.4002
MinimumVisualStudioVersion = 15.0.26124.0
Project("{2150E333-8FDC-42A3-9474-1A3956D46DE8}") = "src", "src", "{1AF9D4D1-2658-43D8-AB74-40C368CE5846}"
EndProject
Project("{FAE04EC0-301F-11D3-BF4B-00C04F79EFBC}") = "Antiforgery", "src\Antiforgery\Antiforgery.repoproj", "{A291A189-A6A8-427C-A0EB-13F3956201A1}"
EndProject
Project("{FAE04EC0-301F-11D3-BF4B-00C04F79EFBC}") = "AzureIntegration", "src\AzureIntegration\AzureIntegration.repoproj", "{24AC1446-BC4F-49A2-91E7-38CEB1D9FF7A}"
EndProject
Project("{FAE04EC0-301F-11D3-BF4B-00C04F79EFBC}") = "BasicMiddleware", "src\BasicMiddleware\BasicMiddleware.repoproj", "{8F818022-AB28-48E4-91A9-3C868C40C087}"
EndProject
Project("{FAE04EC0-301F-11D3-BF4B-00C04F79EFBC}") = "BrowserLink", "src\BrowserLink\BrowserLink.repoproj", "{7AEF5BCC-E2E4-4C72-859E-F00195C1B2DB}"
EndProject
Project("{FAE04EC0-301F-11D3-BF4B-00C04F79EFBC}") = "Caching", "src\Caching\Caching.repoproj", "{E3AFD4F9-6336-47C8-B0D3-1935A6AA8E48}"
EndProject
Project("{FAE04EC0-301F-11D3-BF4B-00C04F79EFBC}") = "Common", "src\Common\Common.repoproj", "{6D90ACD4-3118-42D7-8422-773E0453B62D}"
EndProject
Project("{FAE04EC0-301F-11D3-BF4B-00C04F79EFBC}") = "Configuration", "src\Configuration\Configuration.repoproj", "{58810C65-3716-4676-98BE-93CD48810B8E}"
EndProject
Project("{FAE04EC0-301F-11D3-BF4B-00C04F79EFBC}") = "CORS", "src\CORS\CORS.repoproj", "{0938AE82-AAB4-4C41-AD9F-E92F703098E7}"
EndProject
Project("{FAE04EC0-301F-11D3-BF4B-00C04F79EFBC}") = "DataProtection", "src\DataProtection\DataProtection.repoproj", "{7FFF71E5-F301-4D63-9BAD-07DC3A211EED}"
EndProject
Project("{FAE04EC0-301F-11D3-BF4B-00C04F79EFBC}") = "DependencyInjection", "src\DependencyInjection\DependencyInjection.repoproj", "{F3B7C9FD-9C2D-43A1-9EF1-A3F4EA29CE42}"
EndProject
Project("{FAE04EC0-301F-11D3-BF4B-00C04F79EFBC}") = "Diagnostics", "src\Diagnostics\Diagnostics.repoproj", "{E67B4B6F-46C2-4338-A4A7-6646AA53BFE9}"
EndProject
Project("{FAE04EC0-301F-11D3-BF4B-00C04F79EFBC}") = "DotNetTools", "src\DotNetTools\DotNetTools.repoproj", "{72F5F926-1E6C-4677-9CB5-F699DE84B5D4}"
EndProject
Project("{FAE04EC0-301F-11D3-BF4B-00C04F79EFBC}") = "EntityFrameworkCore", "src\EntityFrameworkCore\EntityFrameworkCore.repoproj", "{7E5B3C8F-587F-4BA0-ABCF-CF762EBD7C4D}"
EndProject
Project("{FAE04EC0-301F-11D3-BF4B-00C04F79EFBC}") = "EventNotification", "src\EventNotification\EventNotification.repoproj", "{E6872FDF-EE24-446F-B9BD-9A698D554CEB}"
EndProject
Project("{FAE04EC0-301F-11D3-BF4B-00C04F79EFBC}") = "FileSystem", "src\FileSystem\FileSystem.repoproj", "{388538FE-0E56-45C7-B05A-2B5D881FB076}"
EndProject
Project("{FAE04EC0-301F-11D3-BF4B-00C04F79EFBC}") = "Hosting", "src\Hosting\Hosting.repoproj", "{5835336C-7F3E-4F2E-9C41-40BFE59E9444}"
EndProject
Project("{FAE04EC0-301F-11D3-BF4B-00C04F79EFBC}") = "HtmlAbstractions", "src\HtmlAbstractions\HtmlAbstractions.repoproj", "{D858310E-849A-4B57-9532-9C90EF8803ED}"
EndProject
Project("{FAE04EC0-301F-11D3-BF4B-00C04F79EFBC}") = "HttpAbstractions", "src\HttpAbstractions\HttpAbstractions.repoproj", "{0314433F-14E0-4F89-812A-193152DDC0F2}"
EndProject
Project("{FAE04EC0-301F-11D3-BF4B-00C04F79EFBC}") = "HttpSysServer", "src\HttpSysServer\HttpSysServer.repoproj", "{C80AED50-C41A-4D10-BFB3-3955C6375DA8}"
EndProject
Project("{FAE04EC0-301F-11D3-BF4B-00C04F79EFBC}") = "Identity", "src\Identity\Identity.repoproj", "{364F145C-C7BB-4652-BDEE-749274825BC3}"
EndProject
Project("{FAE04EC0-301F-11D3-BF4B-00C04F79EFBC}") = "IISIntegration", "src\IISIntegration\IISIntegration.repoproj", "{D4661FEB-CAF4-4FE2-A52C-2A9C8C765089}"
EndProject
Project("{FAE04EC0-301F-11D3-BF4B-00C04F79EFBC}") = "JavaScriptServices", "src\JavaScriptServices\JavaScriptServices.repoproj", "{DF1394AA-EFAA-4A8F-AF26-0899798B680F}"
EndProject
Project("{FAE04EC0-301F-11D3-BF4B-00C04F79EFBC}") = "JsonPatch", "src\JsonPatch\JsonPatch.repoproj", "{61D0EDA9-CE7B-4434-B251-2F64FDAEA8EE}"
EndProject
Project("{FAE04EC0-301F-11D3-BF4B-00C04F79EFBC}") = "KestrelHttpServer", "src\KestrelHttpServer\KestrelHttpServer.repoproj", "{CB62425C-B9DE-4729-9BD6-7C27B12B3EE2}"
EndProject
Project("{FAE04EC0-301F-11D3-BF4B-00C04F79EFBC}") = "Localization", "src\Localization\Localization.repoproj", "{0CCF625F-A293-48D1-BE7C-D2DDB0CD79C8}"
EndProject
Project("{FAE04EC0-301F-11D3-BF4B-00C04F79EFBC}") = "Logging", "src\Logging\Logging.repoproj", "{D1007D03-27F9-41BD-8177-22E9EA56CB11}"
EndProject
Project("{FAE04EC0-301F-11D3-BF4B-00C04F79EFBC}") = "MetaPackages", "src\MetaPackages\MetaPackages.repoproj", "{542D1188-4604-4022-9A1F-09FAA63A0281}"
EndProject
Project("{FAE04EC0-301F-11D3-BF4B-00C04F79EFBC}") = "Microsoft.Data.Sqlite", "src\Microsoft.Data.Sqlite\Microsoft.Data.Sqlite.repoproj", "{EAB755FE-5581-46E4-88CE-EF62BEFE1804}"
EndProject
Project("{FAE04EC0-301F-11D3-BF4B-00C04F79EFBC}") = "Mvc", "src\Mvc\Mvc.repoproj", "{46A0B385-C020-4431-B962-4FC0332E9865}"
EndProject
Project("{FAE04EC0-301F-11D3-BF4B-00C04F79EFBC}") = "MvcPrecompilation", "src\MvcPrecompilation\MvcPrecompilation.repoproj", "{616E644C-05F2-46FF-BFAD-6BAF9594EE3C}"
EndProject
Project("{FAE04EC0-301F-11D3-BF4B-00C04F79EFBC}") = "Options", "src\Options\Options.repoproj", "{D0AC5081-A7AC-46D7-A458-092FA016D505}"
EndProject
Project("{FAE04EC0-301F-11D3-BF4B-00C04F79EFBC}") = "Proxy", "src\Proxy\Proxy.repoproj", "{065CF5B5-90CA-42B2-AA3B-6EB2458AB1B3}"
EndProject
Project("{FAE04EC0-301F-11D3-BF4B-00C04F79EFBC}") = "Razor", "src\Razor\Razor.repoproj", "{B8663FE8-11A5-43E5-AE25-26EBBC5E6418}"
EndProject
Project("{FAE04EC0-301F-11D3-BF4B-00C04F79EFBC}") = "ResponseCaching", "src\ResponseCaching\ResponseCaching.repoproj", "{59C03EE6-6E34-4707-88E1-6528BED9676A}"
EndProject
Project("{FAE04EC0-301F-11D3-BF4B-00C04F79EFBC}") = "Routing", "src\Routing\Routing.repoproj", "{0595FA02-FDD0-43AA-872C-88879068F3EE}"
EndProject
Project("{FAE04EC0-301F-11D3-BF4B-00C04F79EFBC}") = "Scaffolding", "src\Scaffolding\Scaffolding.repoproj", "{72B55FF4-7924-491A-B173-98CCBCABB908}"
EndProject
Project("{FAE04EC0-301F-11D3-BF4B-00C04F79EFBC}") = "Security", "src\Security\Security.repoproj", "{DEBB72EC-4E23-4BCA-A74E-55C1FDB1DCAB}"
EndProject
Project("{FAE04EC0-301F-11D3-BF4B-00C04F79EFBC}") = "Session", "src\Session\Session.repoproj", "{02765CB2-4ABB-4231-AD85-67B73CBB271A}"
EndProject
Project("{FAE04EC0-301F-11D3-BF4B-00C04F79EFBC}") = "StaticFiles", "src\StaticFiles\StaticFiles.repoproj", "{63EC91E8-53E7-4C1E-A6FC-DF1A20F2FA8C}"
EndProject
Project("{FAE04EC0-301F-11D3-BF4B-00C04F79EFBC}") = "Testing", "src\Testing\Testing.repoproj", "{F74A23B6-C749-43A9-A4BB-D72A042DDA6B}"
EndProject
Project("{FAE04EC0-301F-11D3-BF4B-00C04F79EFBC}") = "WebSockets", "src\WebSockets\WebSockets.repoproj", "{CD613199-4B46-4CB4-BBA0-4BF56CE4A630}"
EndProject
Project("{FAE04EC0-301F-11D3-BF4B-00C04F79EFBC}") = "External", "src\External\External.proj", "{5495BD2A-8761-4B12-ADD0-4B85246477B6}"
EndProject
Project("{FAE04EC0-301F-11D3-BF4B-00C04F79EFBC}") = "RuntimeStore", "packaging\RuntimeStore\RuntimeStore.proj", "{67625EBF-E470-45CC-B679-283C208E9175}"
EndProject
Project("{2150E333-8FDC-42A3-9474-1A3956D46DE8}") = "test", "test", "{4821688F-8B4B-40ED-8CB5-4F63C2B522D4}"
EndProject
Project("{FAE04EC0-301F-11D3-BF4B-00C04F79EFBC}") = "ServerTests", "test\ServerTests\ServerTests.repoproj", "{26B1E18A-7B17-47A8-AD6E-0ADD0D89DB93}"
EndProject
Project("{2150E333-8FDC-42A3-9474-1A3956D46DE8}") = "packaging", "packaging", "{1C418B6B-E8E1-40CC-9DD4-308322B0D494}"
EndProject
Project("{FAE04EC0-301F-11D3-BF4B-00C04F79EFBC}") = "Microsoft.AspNetCore.All", "packaging\Microsoft.AspNetCore.All\Microsoft.AspNetCore.All.proj", "{23AF3CBA-62E1-4F3D-97FC-9F8806600A0B}"
EndProject
Global
	GlobalSection(SolutionConfigurationPlatforms) = preSolution
		Debug|Any CPU = Debug|Any CPU
		Release|Any CPU = Release|Any CPU
	EndGlobalSection
	GlobalSection(ProjectConfigurationPlatforms) = postSolution
		{A291A189-A6A8-427C-A0EB-13F3956201A1}.Debug|Any CPU.ActiveCfg = Debug|Any CPU
		{A291A189-A6A8-427C-A0EB-13F3956201A1}.Debug|Any CPU.Build.0 = Debug|Any CPU
		{A291A189-A6A8-427C-A0EB-13F3956201A1}.Release|Any CPU.ActiveCfg = Release|Any CPU
		{A291A189-A6A8-427C-A0EB-13F3956201A1}.Release|Any CPU.Build.0 = Release|Any CPU
		{24AC1446-BC4F-49A2-91E7-38CEB1D9FF7A}.Debug|Any CPU.ActiveCfg = Debug|Any CPU
		{24AC1446-BC4F-49A2-91E7-38CEB1D9FF7A}.Debug|Any CPU.Build.0 = Debug|Any CPU
		{24AC1446-BC4F-49A2-91E7-38CEB1D9FF7A}.Release|Any CPU.ActiveCfg = Release|Any CPU
		{24AC1446-BC4F-49A2-91E7-38CEB1D9FF7A}.Release|Any CPU.Build.0 = Release|Any CPU
		{8F818022-AB28-48E4-91A9-3C868C40C087}.Debug|Any CPU.ActiveCfg = Debug|Any CPU
		{8F818022-AB28-48E4-91A9-3C868C40C087}.Debug|Any CPU.Build.0 = Debug|Any CPU
		{8F818022-AB28-48E4-91A9-3C868C40C087}.Release|Any CPU.ActiveCfg = Release|Any CPU
		{8F818022-AB28-48E4-91A9-3C868C40C087}.Release|Any CPU.Build.0 = Release|Any CPU
		{7AEF5BCC-E2E4-4C72-859E-F00195C1B2DB}.Debug|Any CPU.ActiveCfg = Debug|Any CPU
		{7AEF5BCC-E2E4-4C72-859E-F00195C1B2DB}.Debug|Any CPU.Build.0 = Debug|Any CPU
		{7AEF5BCC-E2E4-4C72-859E-F00195C1B2DB}.Release|Any CPU.ActiveCfg = Release|Any CPU
		{7AEF5BCC-E2E4-4C72-859E-F00195C1B2DB}.Release|Any CPU.Build.0 = Release|Any CPU
		{E3AFD4F9-6336-47C8-B0D3-1935A6AA8E48}.Debug|Any CPU.ActiveCfg = Debug|Any CPU
		{E3AFD4F9-6336-47C8-B0D3-1935A6AA8E48}.Debug|Any CPU.Build.0 = Debug|Any CPU
		{E3AFD4F9-6336-47C8-B0D3-1935A6AA8E48}.Release|Any CPU.ActiveCfg = Release|Any CPU
		{E3AFD4F9-6336-47C8-B0D3-1935A6AA8E48}.Release|Any CPU.Build.0 = Release|Any CPU
		{6D90ACD4-3118-42D7-8422-773E0453B62D}.Debug|Any CPU.ActiveCfg = Debug|Any CPU
		{6D90ACD4-3118-42D7-8422-773E0453B62D}.Debug|Any CPU.Build.0 = Debug|Any CPU
		{6D90ACD4-3118-42D7-8422-773E0453B62D}.Release|Any CPU.ActiveCfg = Release|Any CPU
		{6D90ACD4-3118-42D7-8422-773E0453B62D}.Release|Any CPU.Build.0 = Release|Any CPU
		{58810C65-3716-4676-98BE-93CD48810B8E}.Debug|Any CPU.ActiveCfg = Debug|Any CPU
		{58810C65-3716-4676-98BE-93CD48810B8E}.Debug|Any CPU.Build.0 = Debug|Any CPU
		{58810C65-3716-4676-98BE-93CD48810B8E}.Release|Any CPU.ActiveCfg = Release|Any CPU
		{58810C65-3716-4676-98BE-93CD48810B8E}.Release|Any CPU.Build.0 = Release|Any CPU
		{0938AE82-AAB4-4C41-AD9F-E92F703098E7}.Debug|Any CPU.ActiveCfg = Debug|Any CPU
		{0938AE82-AAB4-4C41-AD9F-E92F703098E7}.Debug|Any CPU.Build.0 = Debug|Any CPU
		{0938AE82-AAB4-4C41-AD9F-E92F703098E7}.Release|Any CPU.ActiveCfg = Release|Any CPU
		{0938AE82-AAB4-4C41-AD9F-E92F703098E7}.Release|Any CPU.Build.0 = Release|Any CPU
		{7FFF71E5-F301-4D63-9BAD-07DC3A211EED}.Debug|Any CPU.ActiveCfg = Debug|Any CPU
		{7FFF71E5-F301-4D63-9BAD-07DC3A211EED}.Debug|Any CPU.Build.0 = Debug|Any CPU
		{7FFF71E5-F301-4D63-9BAD-07DC3A211EED}.Release|Any CPU.ActiveCfg = Release|Any CPU
		{7FFF71E5-F301-4D63-9BAD-07DC3A211EED}.Release|Any CPU.Build.0 = Release|Any CPU
		{F3B7C9FD-9C2D-43A1-9EF1-A3F4EA29CE42}.Debug|Any CPU.ActiveCfg = Debug|Any CPU
		{F3B7C9FD-9C2D-43A1-9EF1-A3F4EA29CE42}.Debug|Any CPU.Build.0 = Debug|Any CPU
		{F3B7C9FD-9C2D-43A1-9EF1-A3F4EA29CE42}.Release|Any CPU.ActiveCfg = Release|Any CPU
		{F3B7C9FD-9C2D-43A1-9EF1-A3F4EA29CE42}.Release|Any CPU.Build.0 = Release|Any CPU
		{E67B4B6F-46C2-4338-A4A7-6646AA53BFE9}.Debug|Any CPU.ActiveCfg = Debug|Any CPU
		{E67B4B6F-46C2-4338-A4A7-6646AA53BFE9}.Debug|Any CPU.Build.0 = Debug|Any CPU
		{E67B4B6F-46C2-4338-A4A7-6646AA53BFE9}.Release|Any CPU.ActiveCfg = Release|Any CPU
		{E67B4B6F-46C2-4338-A4A7-6646AA53BFE9}.Release|Any CPU.Build.0 = Release|Any CPU
		{72F5F926-1E6C-4677-9CB5-F699DE84B5D4}.Debug|Any CPU.ActiveCfg = Debug|Any CPU
		{72F5F926-1E6C-4677-9CB5-F699DE84B5D4}.Debug|Any CPU.Build.0 = Debug|Any CPU
		{72F5F926-1E6C-4677-9CB5-F699DE84B5D4}.Release|Any CPU.ActiveCfg = Release|Any CPU
		{72F5F926-1E6C-4677-9CB5-F699DE84B5D4}.Release|Any CPU.Build.0 = Release|Any CPU
		{7E5B3C8F-587F-4BA0-ABCF-CF762EBD7C4D}.Debug|Any CPU.ActiveCfg = Debug|Any CPU
		{7E5B3C8F-587F-4BA0-ABCF-CF762EBD7C4D}.Debug|Any CPU.Build.0 = Debug|Any CPU
		{7E5B3C8F-587F-4BA0-ABCF-CF762EBD7C4D}.Release|Any CPU.ActiveCfg = Release|Any CPU
		{7E5B3C8F-587F-4BA0-ABCF-CF762EBD7C4D}.Release|Any CPU.Build.0 = Release|Any CPU
		{E6872FDF-EE24-446F-B9BD-9A698D554CEB}.Debug|Any CPU.ActiveCfg = Debug|Any CPU
		{E6872FDF-EE24-446F-B9BD-9A698D554CEB}.Debug|Any CPU.Build.0 = Debug|Any CPU
		{E6872FDF-EE24-446F-B9BD-9A698D554CEB}.Release|Any CPU.ActiveCfg = Release|Any CPU
		{E6872FDF-EE24-446F-B9BD-9A698D554CEB}.Release|Any CPU.Build.0 = Release|Any CPU
		{388538FE-0E56-45C7-B05A-2B5D881FB076}.Debug|Any CPU.ActiveCfg = Debug|Any CPU
		{388538FE-0E56-45C7-B05A-2B5D881FB076}.Debug|Any CPU.Build.0 = Debug|Any CPU
		{388538FE-0E56-45C7-B05A-2B5D881FB076}.Release|Any CPU.ActiveCfg = Release|Any CPU
		{388538FE-0E56-45C7-B05A-2B5D881FB076}.Release|Any CPU.Build.0 = Release|Any CPU
		{5835336C-7F3E-4F2E-9C41-40BFE59E9444}.Debug|Any CPU.ActiveCfg = Debug|Any CPU
		{5835336C-7F3E-4F2E-9C41-40BFE59E9444}.Debug|Any CPU.Build.0 = Debug|Any CPU
		{5835336C-7F3E-4F2E-9C41-40BFE59E9444}.Release|Any CPU.ActiveCfg = Release|Any CPU
		{5835336C-7F3E-4F2E-9C41-40BFE59E9444}.Release|Any CPU.Build.0 = Release|Any CPU
		{D858310E-849A-4B57-9532-9C90EF8803ED}.Debug|Any CPU.ActiveCfg = Debug|Any CPU
		{D858310E-849A-4B57-9532-9C90EF8803ED}.Debug|Any CPU.Build.0 = Debug|Any CPU
		{D858310E-849A-4B57-9532-9C90EF8803ED}.Release|Any CPU.ActiveCfg = Release|Any CPU
		{D858310E-849A-4B57-9532-9C90EF8803ED}.Release|Any CPU.Build.0 = Release|Any CPU
		{0314433F-14E0-4F89-812A-193152DDC0F2}.Debug|Any CPU.ActiveCfg = Debug|Any CPU
		{0314433F-14E0-4F89-812A-193152DDC0F2}.Debug|Any CPU.Build.0 = Debug|Any CPU
		{0314433F-14E0-4F89-812A-193152DDC0F2}.Release|Any CPU.ActiveCfg = Release|Any CPU
		{0314433F-14E0-4F89-812A-193152DDC0F2}.Release|Any CPU.Build.0 = Release|Any CPU
		{C80AED50-C41A-4D10-BFB3-3955C6375DA8}.Debug|Any CPU.ActiveCfg = Debug|Any CPU
		{C80AED50-C41A-4D10-BFB3-3955C6375DA8}.Debug|Any CPU.Build.0 = Debug|Any CPU
		{C80AED50-C41A-4D10-BFB3-3955C6375DA8}.Release|Any CPU.ActiveCfg = Release|Any CPU
		{C80AED50-C41A-4D10-BFB3-3955C6375DA8}.Release|Any CPU.Build.0 = Release|Any CPU
		{364F145C-C7BB-4652-BDEE-749274825BC3}.Debug|Any CPU.ActiveCfg = Debug|Any CPU
		{364F145C-C7BB-4652-BDEE-749274825BC3}.Debug|Any CPU.Build.0 = Debug|Any CPU
		{364F145C-C7BB-4652-BDEE-749274825BC3}.Release|Any CPU.ActiveCfg = Release|Any CPU
		{364F145C-C7BB-4652-BDEE-749274825BC3}.Release|Any CPU.Build.0 = Release|Any CPU
		{D4661FEB-CAF4-4FE2-A52C-2A9C8C765089}.Debug|Any CPU.ActiveCfg = Debug|Any CPU
		{D4661FEB-CAF4-4FE2-A52C-2A9C8C765089}.Debug|Any CPU.Build.0 = Debug|Any CPU
		{D4661FEB-CAF4-4FE2-A52C-2A9C8C765089}.Release|Any CPU.ActiveCfg = Release|Any CPU
		{D4661FEB-CAF4-4FE2-A52C-2A9C8C765089}.Release|Any CPU.Build.0 = Release|Any CPU
		{DF1394AA-EFAA-4A8F-AF26-0899798B680F}.Debug|Any CPU.ActiveCfg = Debug|Any CPU
		{DF1394AA-EFAA-4A8F-AF26-0899798B680F}.Debug|Any CPU.Build.0 = Debug|Any CPU
		{DF1394AA-EFAA-4A8F-AF26-0899798B680F}.Release|Any CPU.ActiveCfg = Release|Any CPU
		{DF1394AA-EFAA-4A8F-AF26-0899798B680F}.Release|Any CPU.Build.0 = Release|Any CPU
		{61D0EDA9-CE7B-4434-B251-2F64FDAEA8EE}.Debug|Any CPU.ActiveCfg = Debug|Any CPU
		{61D0EDA9-CE7B-4434-B251-2F64FDAEA8EE}.Debug|Any CPU.Build.0 = Debug|Any CPU
		{61D0EDA9-CE7B-4434-B251-2F64FDAEA8EE}.Release|Any CPU.ActiveCfg = Release|Any CPU
		{61D0EDA9-CE7B-4434-B251-2F64FDAEA8EE}.Release|Any CPU.Build.0 = Release|Any CPU
		{CB62425C-B9DE-4729-9BD6-7C27B12B3EE2}.Debug|Any CPU.ActiveCfg = Debug|Any CPU
		{CB62425C-B9DE-4729-9BD6-7C27B12B3EE2}.Debug|Any CPU.Build.0 = Debug|Any CPU
		{CB62425C-B9DE-4729-9BD6-7C27B12B3EE2}.Release|Any CPU.ActiveCfg = Release|Any CPU
		{CB62425C-B9DE-4729-9BD6-7C27B12B3EE2}.Release|Any CPU.Build.0 = Release|Any CPU
		{0CCF625F-A293-48D1-BE7C-D2DDB0CD79C8}.Debug|Any CPU.ActiveCfg = Debug|Any CPU
		{0CCF625F-A293-48D1-BE7C-D2DDB0CD79C8}.Debug|Any CPU.Build.0 = Debug|Any CPU
		{0CCF625F-A293-48D1-BE7C-D2DDB0CD79C8}.Release|Any CPU.ActiveCfg = Release|Any CPU
		{0CCF625F-A293-48D1-BE7C-D2DDB0CD79C8}.Release|Any CPU.Build.0 = Release|Any CPU
		{D1007D03-27F9-41BD-8177-22E9EA56CB11}.Debug|Any CPU.ActiveCfg = Debug|Any CPU
		{D1007D03-27F9-41BD-8177-22E9EA56CB11}.Debug|Any CPU.Build.0 = Debug|Any CPU
		{D1007D03-27F9-41BD-8177-22E9EA56CB11}.Release|Any CPU.ActiveCfg = Release|Any CPU
		{D1007D03-27F9-41BD-8177-22E9EA56CB11}.Release|Any CPU.Build.0 = Release|Any CPU
		{542D1188-4604-4022-9A1F-09FAA63A0281}.Debug|Any CPU.ActiveCfg = Debug|Any CPU
		{542D1188-4604-4022-9A1F-09FAA63A0281}.Debug|Any CPU.Build.0 = Debug|Any CPU
		{542D1188-4604-4022-9A1F-09FAA63A0281}.Release|Any CPU.ActiveCfg = Release|Any CPU
		{542D1188-4604-4022-9A1F-09FAA63A0281}.Release|Any CPU.Build.0 = Release|Any CPU
		{EAB755FE-5581-46E4-88CE-EF62BEFE1804}.Debug|Any CPU.ActiveCfg = Debug|Any CPU
		{EAB755FE-5581-46E4-88CE-EF62BEFE1804}.Debug|Any CPU.Build.0 = Debug|Any CPU
		{EAB755FE-5581-46E4-88CE-EF62BEFE1804}.Release|Any CPU.ActiveCfg = Release|Any CPU
		{EAB755FE-5581-46E4-88CE-EF62BEFE1804}.Release|Any CPU.Build.0 = Release|Any CPU
		{46A0B385-C020-4431-B962-4FC0332E9865}.Debug|Any CPU.ActiveCfg = Debug|Any CPU
		{46A0B385-C020-4431-B962-4FC0332E9865}.Debug|Any CPU.Build.0 = Debug|Any CPU
		{46A0B385-C020-4431-B962-4FC0332E9865}.Release|Any CPU.ActiveCfg = Release|Any CPU
		{46A0B385-C020-4431-B962-4FC0332E9865}.Release|Any CPU.Build.0 = Release|Any CPU
		{616E644C-05F2-46FF-BFAD-6BAF9594EE3C}.Debug|Any CPU.ActiveCfg = Debug|Any CPU
		{616E644C-05F2-46FF-BFAD-6BAF9594EE3C}.Debug|Any CPU.Build.0 = Debug|Any CPU
		{616E644C-05F2-46FF-BFAD-6BAF9594EE3C}.Release|Any CPU.ActiveCfg = Release|Any CPU
		{616E644C-05F2-46FF-BFAD-6BAF9594EE3C}.Release|Any CPU.Build.0 = Release|Any CPU
		{D0AC5081-A7AC-46D7-A458-092FA016D505}.Debug|Any CPU.ActiveCfg = Debug|Any CPU
		{D0AC5081-A7AC-46D7-A458-092FA016D505}.Debug|Any CPU.Build.0 = Debug|Any CPU
		{D0AC5081-A7AC-46D7-A458-092FA016D505}.Release|Any CPU.ActiveCfg = Release|Any CPU
		{D0AC5081-A7AC-46D7-A458-092FA016D505}.Release|Any CPU.Build.0 = Release|Any CPU
		{065CF5B5-90CA-42B2-AA3B-6EB2458AB1B3}.Debug|Any CPU.ActiveCfg = Debug|Any CPU
		{065CF5B5-90CA-42B2-AA3B-6EB2458AB1B3}.Debug|Any CPU.Build.0 = Debug|Any CPU
		{065CF5B5-90CA-42B2-AA3B-6EB2458AB1B3}.Release|Any CPU.ActiveCfg = Release|Any CPU
		{065CF5B5-90CA-42B2-AA3B-6EB2458AB1B3}.Release|Any CPU.Build.0 = Release|Any CPU
		{B8663FE8-11A5-43E5-AE25-26EBBC5E6418}.Debug|Any CPU.ActiveCfg = Debug|Any CPU
		{B8663FE8-11A5-43E5-AE25-26EBBC5E6418}.Debug|Any CPU.Build.0 = Debug|Any CPU
		{B8663FE8-11A5-43E5-AE25-26EBBC5E6418}.Release|Any CPU.ActiveCfg = Release|Any CPU
		{B8663FE8-11A5-43E5-AE25-26EBBC5E6418}.Release|Any CPU.Build.0 = Release|Any CPU
		{59C03EE6-6E34-4707-88E1-6528BED9676A}.Debug|Any CPU.ActiveCfg = Debug|Any CPU
		{59C03EE6-6E34-4707-88E1-6528BED9676A}.Debug|Any CPU.Build.0 = Debug|Any CPU
		{59C03EE6-6E34-4707-88E1-6528BED9676A}.Release|Any CPU.ActiveCfg = Release|Any CPU
		{59C03EE6-6E34-4707-88E1-6528BED9676A}.Release|Any CPU.Build.0 = Release|Any CPU
		{0595FA02-FDD0-43AA-872C-88879068F3EE}.Debug|Any CPU.ActiveCfg = Debug|Any CPU
		{0595FA02-FDD0-43AA-872C-88879068F3EE}.Debug|Any CPU.Build.0 = Debug|Any CPU
		{0595FA02-FDD0-43AA-872C-88879068F3EE}.Release|Any CPU.ActiveCfg = Release|Any CPU
		{0595FA02-FDD0-43AA-872C-88879068F3EE}.Release|Any CPU.Build.0 = Release|Any CPU
		{72B55FF4-7924-491A-B173-98CCBCABB908}.Debug|Any CPU.ActiveCfg = Debug|Any CPU
		{72B55FF4-7924-491A-B173-98CCBCABB908}.Debug|Any CPU.Build.0 = Debug|Any CPU
		{72B55FF4-7924-491A-B173-98CCBCABB908}.Release|Any CPU.ActiveCfg = Release|Any CPU
		{72B55FF4-7924-491A-B173-98CCBCABB908}.Release|Any CPU.Build.0 = Release|Any CPU
		{DEBB72EC-4E23-4BCA-A74E-55C1FDB1DCAB}.Debug|Any CPU.ActiveCfg = Debug|Any CPU
		{DEBB72EC-4E23-4BCA-A74E-55C1FDB1DCAB}.Debug|Any CPU.Build.0 = Debug|Any CPU
		{DEBB72EC-4E23-4BCA-A74E-55C1FDB1DCAB}.Release|Any CPU.ActiveCfg = Release|Any CPU
		{DEBB72EC-4E23-4BCA-A74E-55C1FDB1DCAB}.Release|Any CPU.Build.0 = Release|Any CPU
		{02765CB2-4ABB-4231-AD85-67B73CBB271A}.Debug|Any CPU.ActiveCfg = Debug|Any CPU
		{02765CB2-4ABB-4231-AD85-67B73CBB271A}.Debug|Any CPU.Build.0 = Debug|Any CPU
		{02765CB2-4ABB-4231-AD85-67B73CBB271A}.Release|Any CPU.ActiveCfg = Release|Any CPU
		{02765CB2-4ABB-4231-AD85-67B73CBB271A}.Release|Any CPU.Build.0 = Release|Any CPU
		{63EC91E8-53E7-4C1E-A6FC-DF1A20F2FA8C}.Debug|Any CPU.ActiveCfg = Debug|Any CPU
		{63EC91E8-53E7-4C1E-A6FC-DF1A20F2FA8C}.Debug|Any CPU.Build.0 = Debug|Any CPU
		{63EC91E8-53E7-4C1E-A6FC-DF1A20F2FA8C}.Release|Any CPU.ActiveCfg = Release|Any CPU
		{63EC91E8-53E7-4C1E-A6FC-DF1A20F2FA8C}.Release|Any CPU.Build.0 = Release|Any CPU
		{F74A23B6-C749-43A9-A4BB-D72A042DDA6B}.Debug|Any CPU.ActiveCfg = Debug|Any CPU
		{F74A23B6-C749-43A9-A4BB-D72A042DDA6B}.Debug|Any CPU.Build.0 = Debug|Any CPU
		{F74A23B6-C749-43A9-A4BB-D72A042DDA6B}.Release|Any CPU.ActiveCfg = Release|Any CPU
		{F74A23B6-C749-43A9-A4BB-D72A042DDA6B}.Release|Any CPU.Build.0 = Release|Any CPU
		{CD613199-4B46-4CB4-BBA0-4BF56CE4A630}.Debug|Any CPU.ActiveCfg = Debug|Any CPU
		{CD613199-4B46-4CB4-BBA0-4BF56CE4A630}.Debug|Any CPU.Build.0 = Debug|Any CPU
		{CD613199-4B46-4CB4-BBA0-4BF56CE4A630}.Release|Any CPU.ActiveCfg = Release|Any CPU
		{CD613199-4B46-4CB4-BBA0-4BF56CE4A630}.Release|Any CPU.Build.0 = Release|Any CPU
		{5495BD2A-8761-4B12-ADD0-4B85246477B6}.Debug|Any CPU.ActiveCfg = Debug|Any CPU
		{5495BD2A-8761-4B12-ADD0-4B85246477B6}.Debug|Any CPU.Build.0 = Debug|Any CPU
		{5495BD2A-8761-4B12-ADD0-4B85246477B6}.Release|Any CPU.ActiveCfg = Release|Any CPU
		{5495BD2A-8761-4B12-ADD0-4B85246477B6}.Release|Any CPU.Build.0 = Release|Any CPU
		{67625EBF-E470-45CC-B679-283C208E9175}.Debug|Any CPU.ActiveCfg = Debug|Any CPU
		{67625EBF-E470-45CC-B679-283C208E9175}.Debug|Any CPU.Build.0 = Debug|Any CPU
		{67625EBF-E470-45CC-B679-283C208E9175}.Release|Any CPU.ActiveCfg = Release|Any CPU
		{67625EBF-E470-45CC-B679-283C208E9175}.Release|Any CPU.Build.0 = Release|Any CPU
		{26B1E18A-7B17-47A8-AD6E-0ADD0D89DB93}.Debug|Any CPU.ActiveCfg = Debug|Any CPU
		{26B1E18A-7B17-47A8-AD6E-0ADD0D89DB93}.Debug|Any CPU.Build.0 = Debug|Any CPU
		{26B1E18A-7B17-47A8-AD6E-0ADD0D89DB93}.Release|Any CPU.ActiveCfg = Release|Any CPU
		{26B1E18A-7B17-47A8-AD6E-0ADD0D89DB93}.Release|Any CPU.Build.0 = Release|Any CPU
		{23AF3CBA-62E1-4F3D-97FC-9F8806600A0B}.Debug|Any CPU.ActiveCfg = Debug|Any CPU
		{23AF3CBA-62E1-4F3D-97FC-9F8806600A0B}.Debug|Any CPU.Build.0 = Debug|Any CPU
		{23AF3CBA-62E1-4F3D-97FC-9F8806600A0B}.Release|Any CPU.ActiveCfg = Release|Any CPU
		{23AF3CBA-62E1-4F3D-97FC-9F8806600A0B}.Release|Any CPU.Build.0 = Release|Any CPU
	EndGlobalSection
	GlobalSection(SolutionProperties) = preSolution
		HideSolutionNode = FALSE
	EndGlobalSection
	GlobalSection(NestedProjects) = preSolution
		{A291A189-A6A8-427C-A0EB-13F3956201A1} = {1AF9D4D1-2658-43D8-AB74-40C368CE5846}
		{24AC1446-BC4F-49A2-91E7-38CEB1D9FF7A} = {1AF9D4D1-2658-43D8-AB74-40C368CE5846}
		{8F818022-AB28-48E4-91A9-3C868C40C087} = {1AF9D4D1-2658-43D8-AB74-40C368CE5846}
		{7AEF5BCC-E2E4-4C72-859E-F00195C1B2DB} = {1AF9D4D1-2658-43D8-AB74-40C368CE5846}
		{E3AFD4F9-6336-47C8-B0D3-1935A6AA8E48} = {1AF9D4D1-2658-43D8-AB74-40C368CE5846}
		{6D90ACD4-3118-42D7-8422-773E0453B62D} = {1AF9D4D1-2658-43D8-AB74-40C368CE5846}
		{58810C65-3716-4676-98BE-93CD48810B8E} = {1AF9D4D1-2658-43D8-AB74-40C368CE5846}
		{0938AE82-AAB4-4C41-AD9F-E92F703098E7} = {1AF9D4D1-2658-43D8-AB74-40C368CE5846}
		{7FFF71E5-F301-4D63-9BAD-07DC3A211EED} = {1AF9D4D1-2658-43D8-AB74-40C368CE5846}
		{F3B7C9FD-9C2D-43A1-9EF1-A3F4EA29CE42} = {1AF9D4D1-2658-43D8-AB74-40C368CE5846}
		{E67B4B6F-46C2-4338-A4A7-6646AA53BFE9} = {1AF9D4D1-2658-43D8-AB74-40C368CE5846}
		{72F5F926-1E6C-4677-9CB5-F699DE84B5D4} = {1AF9D4D1-2658-43D8-AB74-40C368CE5846}
		{7E5B3C8F-587F-4BA0-ABCF-CF762EBD7C4D} = {1AF9D4D1-2658-43D8-AB74-40C368CE5846}
		{E6872FDF-EE24-446F-B9BD-9A698D554CEB} = {1AF9D4D1-2658-43D8-AB74-40C368CE5846}
		{388538FE-0E56-45C7-B05A-2B5D881FB076} = {1AF9D4D1-2658-43D8-AB74-40C368CE5846}
		{5835336C-7F3E-4F2E-9C41-40BFE59E9444} = {1AF9D4D1-2658-43D8-AB74-40C368CE5846}
		{D858310E-849A-4B57-9532-9C90EF8803ED} = {1AF9D4D1-2658-43D8-AB74-40C368CE5846}
		{0314433F-14E0-4F89-812A-193152DDC0F2} = {1AF9D4D1-2658-43D8-AB74-40C368CE5846}
		{C80AED50-C41A-4D10-BFB3-3955C6375DA8} = {1AF9D4D1-2658-43D8-AB74-40C368CE5846}
		{364F145C-C7BB-4652-BDEE-749274825BC3} = {1AF9D4D1-2658-43D8-AB74-40C368CE5846}
		{D4661FEB-CAF4-4FE2-A52C-2A9C8C765089} = {1AF9D4D1-2658-43D8-AB74-40C368CE5846}
		{DF1394AA-EFAA-4A8F-AF26-0899798B680F} = {1AF9D4D1-2658-43D8-AB74-40C368CE5846}
		{61D0EDA9-CE7B-4434-B251-2F64FDAEA8EE} = {1AF9D4D1-2658-43D8-AB74-40C368CE5846}
		{CB62425C-B9DE-4729-9BD6-7C27B12B3EE2} = {1AF9D4D1-2658-43D8-AB74-40C368CE5846}
		{0CCF625F-A293-48D1-BE7C-D2DDB0CD79C8} = {1AF9D4D1-2658-43D8-AB74-40C368CE5846}
		{D1007D03-27F9-41BD-8177-22E9EA56CB11} = {1AF9D4D1-2658-43D8-AB74-40C368CE5846}
		{542D1188-4604-4022-9A1F-09FAA63A0281} = {1AF9D4D1-2658-43D8-AB74-40C368CE5846}
		{EAB755FE-5581-46E4-88CE-EF62BEFE1804} = {1AF9D4D1-2658-43D8-AB74-40C368CE5846}
		{46A0B385-C020-4431-B962-4FC0332E9865} = {1AF9D4D1-2658-43D8-AB74-40C368CE5846}
		{616E644C-05F2-46FF-BFAD-6BAF9594EE3C} = {1AF9D4D1-2658-43D8-AB74-40C368CE5846}
		{D0AC5081-A7AC-46D7-A458-092FA016D505} = {1AF9D4D1-2658-43D8-AB74-40C368CE5846}
		{065CF5B5-90CA-42B2-AA3B-6EB2458AB1B3} = {1AF9D4D1-2658-43D8-AB74-40C368CE5846}
		{B8663FE8-11A5-43E5-AE25-26EBBC5E6418} = {1AF9D4D1-2658-43D8-AB74-40C368CE5846}
		{59C03EE6-6E34-4707-88E1-6528BED9676A} = {1AF9D4D1-2658-43D8-AB74-40C368CE5846}
		{0595FA02-FDD0-43AA-872C-88879068F3EE} = {1AF9D4D1-2658-43D8-AB74-40C368CE5846}
		{72B55FF4-7924-491A-B173-98CCBCABB908} = {1AF9D4D1-2658-43D8-AB74-40C368CE5846}
		{DEBB72EC-4E23-4BCA-A74E-55C1FDB1DCAB} = {1AF9D4D1-2658-43D8-AB74-40C368CE5846}
		{02765CB2-4ABB-4231-AD85-67B73CBB271A} = {1AF9D4D1-2658-43D8-AB74-40C368CE5846}
		{63EC91E8-53E7-4C1E-A6FC-DF1A20F2FA8C} = {1AF9D4D1-2658-43D8-AB74-40C368CE5846}
		{F74A23B6-C749-43A9-A4BB-D72A042DDA6B} = {1AF9D4D1-2658-43D8-AB74-40C368CE5846}
		{CD613199-4B46-4CB4-BBA0-4BF56CE4A630} = {1AF9D4D1-2658-43D8-AB74-40C368CE5846}
		{5495BD2A-8761-4B12-ADD0-4B85246477B6} = {1AF9D4D1-2658-43D8-AB74-40C368CE5846}
		{67625EBF-E470-45CC-B679-283C208E9175} = {1AF9D4D1-2658-43D8-AB74-40C368CE5846}
		{26B1E18A-7B17-47A8-AD6E-0ADD0D89DB93} = {4821688F-8B4B-40ED-8CB5-4F63C2B522D4}
		{23AF3CBA-62E1-4F3D-97FC-9F8806600A0B} = {1C418B6B-E8E1-40CC-9DD4-308322B0D494}
	EndGlobalSection
	GlobalSection(ExtensibilityGlobals) = postSolution
		SolutionGuid = {310FAB1C-A039-4B4B-89E0-D28F43310B21}
	EndGlobalSection
EndGlobal
