
Microsoft Visual Studio Solution File, Format Version 12.00
# Visual Studio 15
VisualStudioVersion = 15.0.27110.0
MinimumVisualStudioVersion = 10.0.40219.1
Project("{9A19103F-16F7-4668-BE54-9A1E7A4F7556}") = "UpdateExternalDependencies", "UpdateExternalDependencies.csproj", "{8E21E438-9C4B-4475-88D4-0112E1F3B365}"
EndProject
Global
	GlobalSection(SolutionConfigurationPlatforms) = preSolution
		Debug|Any CPU = Debug|Any CPU
		Release|Any CPU = Release|Any CPU
	EndGlobalSection
	GlobalSection(ProjectConfigurationPlatforms) = postSolution
		{8E21E438-9C4B-4475-88D4-0112E1F3B365}.Debug|Any CPU.ActiveCfg = Debug|Any CPU
		{8E21E438-9C4B-4475-88D4-0112E1F3B365}.Debug|Any CPU.Build.0 = Debug|Any CPU
		{8E21E438-9C4B-4475-88D4-0112E1F3B365}.Release|Any CPU.ActiveCfg = Release|Any CPU
		{8E21E438-9C4B-4475-88D4-0112E1F3B365}.Release|Any CPU.Build.0 = Release|Any CPU
	EndGlobalSection
	GlobalSection(SolutionProperties) = preSolution
		HideSolutionNode = FALSE
	EndGlobalSection
	GlobalSection(ExtensibilityGlobals) = postSolution
		SolutionGuid = {F9F135CE-2C78-4FA1-A3CE-6B993C22472C}
	EndGlobalSection
EndGlobal
